<?xml version="1.0" encoding="utf-8"?>
<Project ToolsVersion="4.0" xmlns="http://schemas.microsoft.com/developer/msbuild/2003">
  <ItemGroup>
    <Filter Include="Motion generators">
      <UniqueIdentifier>{7ade1743-efdc-47a9-86a5-77ab3ad233a5}</UniqueIdentifier>
    </Filter>
    <Filter Include="Server">
      <UniqueIdentifier>{af0d7b92-aa88-4870-bf29-5f9856a954d5}</UniqueIdentifier>
    </Filter>
    <Filter Include="Tool">
      <UniqueIdentifier>{efeae208-8789-4329-889a-b50baa18c19a}</UniqueIdentifier>
    </Filter>
    <Filter Include="References">
      <UniqueIdentifier>{64bb42b8-e7ba-4247-b337-492f644daeeb}</UniqueIdentifier>
    </Filter>
    <Filter Include="Battleground System">
      <UniqueIdentifier>{6fc17ce6-f273-4b48-9484-bd20441f7512}</UniqueIdentifier>
    </Filter>
    <Filter Include="Chat System">
      <UniqueIdentifier>{4087621b-fd53-4335-933f-ab29141b4c9e}</UniqueIdentifier>
    </Filter>
    <Filter Include="World">
      <UniqueIdentifier>{d75ae330-80de-4aaf-8274-ae85f49dbcd9}</UniqueIdentifier>
    </Filter>
    <Filter Include="Map System">
      <UniqueIdentifier>{ea5a07e6-d675-4cf5-b800-00cfef23baef}</UniqueIdentifier>
    </Filter>
    <Filter Include="Map System\vmaps">
      <UniqueIdentifier>{948284d3-9d89-4609-8cdd-28a213edb53e}</UniqueIdentifier>
    </Filter>
    <Filter Include="Spells">
      <UniqueIdentifier>{718db5ed-b31f-4f58-97ef-1e464a159b9e}</UniqueIdentifier>
    </Filter>
    <Filter Include="Objects">
      <UniqueIdentifier>{1ea64f0d-ee7e-492e-8516-2f2c5be80a2a}</UniqueIdentifier>
    </Filter>
    <Filter Include="Objects\AI">
      <UniqueIdentifier>{1e910c38-5f41-4fd4-9d51-261dc092fd25}</UniqueIdentifier>
    </Filter>
    <Filter Include="Objects\Object">
      <UniqueIdentifier>{db9c8e68-4509-485f-99b5-a40794cda7a5}</UniqueIdentifier>
    </Filter>
    <Filter Include="Objects\Object\Unit">
      <UniqueIdentifier>{7761a20c-04af-4fa4-93ef-f7f8bfeb7df7}</UniqueIdentifier>
    </Filter>
    <Filter Include="Objects\Object\Unit\Creature">
      <UniqueIdentifier>{769b221e-93e8-492d-a318-33215566f0f3}</UniqueIdentifier>
    </Filter>
    <Filter Include="Objects\Object\Unit\Creature\Pet">
      <UniqueIdentifier>{26c5a5b8-4729-427c-b7be-f70727147da1}</UniqueIdentifier>
    </Filter>
    <Filter Include="Objects\Object\Unit\Creature\Totem">
      <UniqueIdentifier>{8817d07f-5cd0-4b4c-b334-d7680d419489}</UniqueIdentifier>
    </Filter>
    <Filter Include="Objects\Object\Unit\Player">
      <UniqueIdentifier>{4703277e-9d86-42ea-9d5b-54693c074ed8}</UniqueIdentifier>
    </Filter>
    <Filter Include="Objects\Object\Corpse">
      <UniqueIdentifier>{081eb896-21bf-4a55-a18f-27e6d838137d}</UniqueIdentifier>
    </Filter>
    <Filter Include="Objects\Items">
      <UniqueIdentifier>{641457e0-bea7-4ce0-a78e-4785513e43a0}</UniqueIdentifier>
    </Filter>
    <Filter Include="Objects\Items\Bag">
      <UniqueIdentifier>{4f6800d5-8c63-4558-890f-03fadcbf0043}</UniqueIdentifier>
    </Filter>
    <Filter Include="Objects\Object\Unit\Creature\TempotarySummon">
      <UniqueIdentifier>{3e1c2aac-fce2-4f20-99a2-27e0a6a59457}</UniqueIdentifier>
    </Filter>
    <Filter Include="Objects\Object\GameObject">
      <UniqueIdentifier>{c0d26bc0-06d8-485f-8de8-6ed474df3bd8}</UniqueIdentifier>
    </Filter>
    <Filter Include="Objects\Object\DynamicObject">
      <UniqueIdentifier>{9b2589c3-ca1d-48cc-8ce7-3a55e8dfd27d}</UniqueIdentifier>
    </Filter>
    <Filter Include="Chat System\Commands">
      <UniqueIdentifier>{6774e7b7-304b-4945-9860-66e843a44b50}</UniqueIdentifier>
    </Filter>
    <Filter Include="Handlers">
      <UniqueIdentifier>{b5377d13-0c04-4512-ad9c-891df42ff48a}</UniqueIdentifier>
    </Filter>
    <Filter Include="Battleground System\Arenas">
      <UniqueIdentifier>{5befe069-d355-4dd6-9bfa-020ea5aadb3b}</UniqueIdentifier>
    </Filter>
  </ItemGroup>
  <ItemGroup>
    <ClCompile Include="..\..\src\game\AccountMgr.cpp">
      <Filter>World</Filter>
    </ClCompile>
    <ClCompile Include="..\..\src\game\ChatHandler.cpp">
      <Filter>World</Filter>
    </ClCompile>
    <ClCompile Include="..\..\src\game\GameEventMgr.cpp">
      <Filter>World</Filter>
    </ClCompile>
    <ClCompile Include="..\..\src\game\GossipDef.cpp">
      <Filter>World</Filter>
    </ClCompile>
    <ClCompile Include="..\..\src\game\Group.cpp">
      <Filter>World</Filter>
    </ClCompile>
    <ClCompile Include="..\..\src\game\InstanceData.cpp">
      <Filter>World</Filter>
    </ClCompile>
    <ClCompile Include="..\..\src\game\Mail.cpp">
      <Filter>World</Filter>
    </ClCompile>
    <ClCompile Include="..\..\src\game\MassMailMgr.cpp">
      <Filter>World</Filter>
    </ClCompile>
    <ClCompile Include="..\..\src\game\ObjectGridLoader.cpp">
      <Filter>World</Filter>
    </ClCompile>
    <ClCompile Include="..\..\src\game\PoolManager.cpp">
      <Filter>World</Filter>
    </ClCompile>
    <ClCompile Include="..\..\src\game\QuestDef.cpp">
      <Filter>World</Filter>
    </ClCompile>
    <ClCompile Include="..\..\src\game\ScriptMgr.cpp">
      <Filter>World</Filter>
    </ClCompile>
    <ClCompile Include="..\..\src\game\SkillDiscovery.cpp">
      <Filter>World</Filter>
    </ClCompile>
    <ClCompile Include="..\..\src\game\SkillExtraItems.cpp">
      <Filter>World</Filter>
    </ClCompile>
    <ClCompile Include="..\..\src\game\Transports.cpp">
      <Filter>World</Filter>
    </ClCompile>
    <ClCompile Include="..\..\src\game\UpdateData.cpp">
      <Filter>World</Filter>
    </ClCompile>
    <ClCompile Include="..\..\src\game\Weather.cpp">
      <Filter>World</Filter>
    </ClCompile>
    <ClCompile Include="..\..\src\game\World.cpp">
      <Filter>World</Filter>
    </ClCompile>
    <ClCompile Include="..\..\src\game\ConfusedMovementGenerator.cpp">
      <Filter>Motion generators</Filter>
    </ClCompile>
    <ClCompile Include="..\..\src\game\DestinationHolder.cpp">
      <Filter>Motion generators</Filter>
    </ClCompile>
    <ClCompile Include="..\..\src\game\FleeingMovementGenerator.cpp">
      <Filter>Motion generators</Filter>
    </ClCompile>
    <ClCompile Include="..\..\src\game\HomeMovementGenerator.cpp">
      <Filter>Motion generators</Filter>
    </ClCompile>
    <ClCompile Include="..\..\src\game\IdleMovementGenerator.cpp">
      <Filter>Motion generators</Filter>
    </ClCompile>
    <ClCompile Include="..\..\src\game\MotionMaster.cpp">
      <Filter>Motion generators</Filter>
    </ClCompile>
    <ClCompile Include="..\..\src\game\MovementGenerator.cpp">
      <Filter>Motion generators</Filter>
    </ClCompile>
    <ClCompile Include="..\..\src\game\PointMovementGenerator.cpp">
      <Filter>Motion generators</Filter>
    </ClCompile>
    <ClCompile Include="..\..\src\game\RandomMovementGenerator.cpp">
      <Filter>Motion generators</Filter>
    </ClCompile>
    <ClCompile Include="..\..\src\game\TargetedMovementGenerator.cpp">
      <Filter>Motion generators</Filter>
    </ClCompile>
    <ClCompile Include="..\..\src\game\WaypointMovementGenerator.cpp">
      <Filter>Motion generators</Filter>
    </ClCompile>
    <ClCompile Include="..\..\src\game\ArenaTeam.cpp">
      <Filter>Objects</Filter>
    </ClCompile>
    <ClCompile Include="..\..\src\game\AuctionHouseMgr.cpp">
      <Filter>Objects</Filter>
    </ClCompile>
    <ClCompile Include="..\..\src\game\GMTicketMgr.cpp">
      <Filter>Objects</Filter>
    </ClCompile>
    <ClCompile Include="..\..\src\game\Guild.cpp">
      <Filter>Objects</Filter>
    </ClCompile>
    <ClCompile Include="..\..\src\game\ItemEnchantmentMgr.cpp">
      <Filter>Objects</Filter>
    </ClCompile>
    <ClCompile Include="..\..\src\game\LootMgr.cpp">
      <Filter>Objects</Filter>
    </ClCompile>
    <ClCompile Include="..\..\src\game\ObjectAccessor.cpp">
      <Filter>Objects</Filter>
    </ClCompile>
    <ClCompile Include="..\..\src\game\ObjectGuid.cpp">
      <Filter>Objects</Filter>
    </ClCompile>
    <ClCompile Include="..\..\src\game\ObjectMgr.cpp">
      <Filter>Objects</Filter>
    </ClCompile>
    <ClCompile Include="..\..\src\game\ObjectPosSelector.cpp">
      <Filter>Objects</Filter>
    </ClCompile>
    <ClCompile Include="..\..\src\game\ReputationMgr.cpp">
      <Filter>Objects</Filter>
    </ClCompile>
    <ClCompile Include="..\..\src\game\SocialMgr.cpp">
      <Filter>Objects</Filter>
    </ClCompile>
    <ClCompile Include="..\..\src\game\StatSystem.cpp">
      <Filter>Objects</Filter>
    </ClCompile>
    <ClCompile Include="..\..\src\game\DBCStores.cpp">
      <Filter>Server</Filter>
    </ClCompile>
    <ClCompile Include="..\..\src\game\Opcodes.cpp">
      <Filter>Server</Filter>
    </ClCompile>
    <ClCompile Include="..\..\src\game\SQLStorages.cpp">
      <Filter>Server</Filter>
    </ClCompile>
    <ClCompile Include="..\..\src\game\WorldSession.cpp">
      <Filter>Server</Filter>
    </ClCompile>
    <ClCompile Include="..\..\src\game\WorldSocket.cpp">
      <Filter>Server</Filter>
    </ClCompile>
    <ClCompile Include="..\..\src\game\WorldSocketMgr.cpp">
      <Filter>Server</Filter>
    </ClCompile>
    <ClCompile Include="..\..\src\game\PlayerDump.cpp">
      <Filter>Tool</Filter>
    </ClCompile>
    <ClCompile Include="..\..\src\game\FollowerReference.cpp">
      <Filter>References</Filter>
    </ClCompile>
    <ClCompile Include="..\..\src\game\GroupReference.cpp">
      <Filter>References</Filter>
    </ClCompile>
    <ClCompile Include="..\..\src\game\HostileRefManager.cpp">
      <Filter>References</Filter>
    </ClCompile>
    <ClCompile Include="..\..\src\game\ThreatManager.cpp">
      <Filter>References</Filter>
    </ClCompile>
    <ClCompile Include="..\..\src\game\CharacterDatabaseCleaner.cpp">
      <Filter>Tool</Filter>
    </ClCompile>
    <ClCompile Include="..\..\src\game\Camera.cpp">
      <Filter>Objects</Filter>
    </ClCompile>
    <ClCompile Include="..\..\src\game\vmap\BIH.cpp">
      <Filter>Map System\vmaps</Filter>
    </ClCompile>
    <ClCompile Include="..\..\src\game\vmap\MapTree.cpp">
      <Filter>Map System\vmaps</Filter>
    </ClCompile>
    <ClCompile Include="..\..\src\game\vmap\ModelInstance.cpp">
      <Filter>Map System\vmaps</Filter>
    </ClCompile>
    <ClCompile Include="..\..\src\game\vmap\TileAssembler.cpp">
      <Filter>Map System\vmaps</Filter>
    </ClCompile>
    <ClCompile Include="..\..\src\game\vmap\VMapFactory.cpp">
      <Filter>Map System\vmaps</Filter>
    </ClCompile>
    <ClCompile Include="..\..\src\game\vmap\VMapManager2.cpp">
      <Filter>Map System\vmaps</Filter>
    </ClCompile>
    <ClCompile Include="..\..\src\game\vmap\WorldModel.cpp">
      <Filter>Map System\vmaps</Filter>
    </ClCompile>
    <ClCompile Include="..\..\src\game\Chat.cpp">
      <Filter>Chat System</Filter>
    </ClCompile>
    <ClCompile Include="..\..\src\game\AddonHandler.cpp">
      <Filter>Handlers</Filter>
    </ClCompile>
    <ClCompile Include="..\..\src\game\BattleGround.cpp">
      <Filter>Battleground System</Filter>
    </ClCompile>
    <ClCompile Include="..\..\src\game\BattleGroundAB.cpp">
      <Filter>Battleground System</Filter>
    </ClCompile>
    <ClCompile Include="..\..\src\game\BattleGroundAV.cpp">
      <Filter>Battleground System</Filter>
    </ClCompile>
    <ClCompile Include="..\..\src\game\BattleGroundEY.cpp">
      <Filter>Battleground System</Filter>
    </ClCompile>
    <ClCompile Include="..\..\src\game\BattleGroundHandler.cpp">
      <Filter>Battleground System</Filter>
    </ClCompile>
    <ClCompile Include="..\..\src\game\BattleGroundMgr.cpp">
      <Filter>Battleground System</Filter>
    </ClCompile>
    <ClCompile Include="..\..\src\game\BattleGroundWS.cpp">
      <Filter>Battleground System</Filter>
    </ClCompile>
    <ClCompile Include="..\..\src\game\Channel.cpp">
      <Filter>Chat System</Filter>
    </ClCompile>
    <ClCompile Include="..\..\src\game\ChannelHandler.cpp">
      <Filter>Chat System</Filter>
    </ClCompile>
    <ClCompile Include="..\..\src\game\ChannelMgr.cpp">
      <Filter>Chat System</Filter>
    </ClCompile>
    <ClCompile Include="..\..\src\game\ArenaTeamHandler.cpp">
      <Filter>Handlers</Filter>
    </ClCompile>
    <ClCompile Include="..\..\src\game\AuctionHouseHandler.cpp">
      <Filter>Handlers</Filter>
    </ClCompile>
    <ClCompile Include="..\..\src\game\CharacterHandler.cpp">
      <Filter>Handlers</Filter>
    </ClCompile>
    <ClCompile Include="..\..\src\game\GMTicketHandler.cpp">
      <Filter>Handlers</Filter>
    </ClCompile>
    <ClCompile Include="..\..\src\game\GridMap.cpp">
      <Filter>Map System</Filter>
    </ClCompile>
    <ClCompile Include="..\..\src\game\GridNotifiers.cpp">
      <Filter>Map System</Filter>
    </ClCompile>
    <ClCompile Include="..\..\src\game\GridStates.cpp">
      <Filter>Map System</Filter>
    </ClCompile>
    <ClCompile Include="..\..\src\game\GroupHandler.cpp">
      <Filter>Handlers</Filter>
    </ClCompile>
    <ClCompile Include="..\..\src\game\GuildHandler.cpp">
      <Filter>Handlers</Filter>
    </ClCompile>
    <ClCompile Include="..\..\src\game\Map.cpp">
      <Filter>Map System</Filter>
    </ClCompile>
    <ClCompile Include="..\..\src\game\MapManager.cpp">
      <Filter>Map System</Filter>
    </ClCompile>
    <ClCompile Include="..\..\src\game\MapPersistentStateMgr.cpp">
      <Filter>Map System</Filter>
    </ClCompile>
    <ClCompile Include="..\..\src\game\NPCHandler.cpp">
      <Filter>Handlers</Filter>
    </ClCompile>
    <ClCompile Include="..\..\src\game\MovementHandler.cpp">
      <Filter>Handlers</Filter>
    </ClCompile>
    <ClCompile Include="..\..\src\game\MiscHandler.cpp">
      <Filter>Handlers</Filter>
    </ClCompile>
    <ClCompile Include="..\..\src\game\LootHandler.cpp">
      <Filter>Handlers</Filter>
    </ClCompile>
    <ClCompile Include="..\..\src\game\LFGHandler.cpp">
      <Filter>Handlers</Filter>
    </ClCompile>
    <ClCompile Include="..\..\src\game\ItemHandler.cpp">
      <Filter>Handlers</Filter>
    </ClCompile>
    <ClCompile Include="..\..\src\game\VoiceChatHandler.cpp">
      <Filter>Handlers</Filter>
    </ClCompile>
    <ClCompile Include="..\..\src\game\TradeHandler.cpp">
      <Filter>Handlers</Filter>
    </ClCompile>
    <ClCompile Include="..\..\src\game\TaxiHandler.cpp">
      <Filter>Handlers</Filter>
    </ClCompile>
    <ClCompile Include="..\..\src\game\SkillHandler.cpp">
      <Filter>Handlers</Filter>
    </ClCompile>
    <ClCompile Include="..\..\src\game\QuestHandler.cpp">
      <Filter>Handlers</Filter>
    </ClCompile>
    <ClCompile Include="..\..\src\game\QueryHandler.cpp">
      <Filter>Handlers</Filter>
    </ClCompile>
    <ClCompile Include="..\..\src\game\PetitionsHandler.cpp">
      <Filter>Handlers</Filter>
    </ClCompile>
    <ClCompile Include="..\..\src\game\PetHandler.cpp">
      <Filter>Handlers</Filter>
    </ClCompile>
    <ClCompile Include="..\..\src\game\DuelHandler.cpp">
      <Filter>Handlers</Filter>
    </ClCompile>
    <ClCompile Include="..\..\src\game\Spell.cpp">
      <Filter>Spells</Filter>
    </ClCompile>
    <ClCompile Include="..\..\src\game\SpellAuras.cpp">
      <Filter>Spells</Filter>
    </ClCompile>
    <ClCompile Include="..\..\src\game\SpellEffects.cpp">
      <Filter>Spells</Filter>
    </ClCompile>
    <ClCompile Include="..\..\src\game\SpellHandler.cpp">
      <Filter>Spells</Filter>
    </ClCompile>
    <ClCompile Include="..\..\src\game\Unit.cpp">
      <Filter>Objects\Object\Unit</Filter>
    </ClCompile>
    <ClCompile Include="..\..\src\game\Creature.cpp">
      <Filter>Objects\Object\Unit\Creature</Filter>
    </ClCompile>
    <ClCompile Include="..\..\src\game\CreatureAI.cpp">
      <Filter>Objects\AI</Filter>
    </ClCompile>
    <ClCompile Include="..\..\src\game\CreatureAIRegistry.cpp">
      <Filter>Objects\AI</Filter>
    </ClCompile>
    <ClCompile Include="..\..\src\game\CreatureAISelector.cpp">
      <Filter>Objects\AI</Filter>
    </ClCompile>
    <ClCompile Include="..\..\src\game\CreatureEventAI.cpp">
      <Filter>Objects\AI</Filter>
    </ClCompile>
    <ClCompile Include="..\..\src\game\CreatureEventAIMgr.cpp">
      <Filter>Objects\AI</Filter>
    </ClCompile>
    <ClCompile Include="..\..\src\game\GuardAI.cpp">
      <Filter>Objects\AI</Filter>
    </ClCompile>
    <ClCompile Include="..\..\src\game\TotemAI.cpp">
      <Filter>Objects\AI</Filter>
    </ClCompile>
    <ClCompile Include="..\..\src\game\ReactorAI.cpp">
      <Filter>Objects\AI</Filter>
    </ClCompile>
    <ClCompile Include="..\..\src\game\PetAI.cpp">
      <Filter>Objects\AI</Filter>
    </ClCompile>
    <ClCompile Include="..\..\src\game\Pet.cpp">
      <Filter>Objects\Object\Unit\Creature\Pet</Filter>
    </ClCompile>
    <ClCompile Include="..\..\src\game\Totem.cpp">
      <Filter>Objects\Object\Unit\Creature\Totem</Filter>
    </ClCompile>
    <ClCompile Include="..\..\src\game\Player.cpp">
      <Filter>Objects\Object\Unit\Player</Filter>
    </ClCompile>
    <ClCompile Include="..\..\src\game\Object.cpp">
      <Filter>Objects\Object</Filter>
    </ClCompile>
    <ClCompile Include="..\..\src\game\NullCreatureAI.cpp">
      <Filter>Objects\AI</Filter>
    </ClCompile>
    <ClCompile Include="..\..\src\game\Corpse.cpp">
      <Filter>Objects\Object\Corpse</Filter>
    </ClCompile>
    <ClCompile Include="..\..\src\game\Item.cpp">
      <Filter>Objects\Items</Filter>
    </ClCompile>
    <ClCompile Include="..\..\src\game\Bag.cpp">
      <Filter>Objects\Items\Bag</Filter>
    </ClCompile>
    <ClCompile Include="..\..\src\game\SpellMgr.cpp">
      <Filter>Spells</Filter>
    </ClCompile>
    <ClCompile Include="..\..\src\game\TemporarySummon.cpp">
      <Filter>Objects\Object\Unit\Creature\TempotarySummon</Filter>
    </ClCompile>
    <ClCompile Include="..\..\src\game\GameObject.cpp">
      <Filter>Objects\Object\GameObject</Filter>
    </ClCompile>
    <ClCompile Include="..\..\src\game\DynamicObject.cpp">
      <Filter>Objects\Object\DynamicObject</Filter>
    </ClCompile>
    <ClCompile Include="..\..\src\game\AggressorAI.cpp">
      <Filter>Objects\AI</Filter>
    </ClCompile>
    <ClCompile Include="..\..\src\game\Level0.cpp">
      <Filter>Chat System\Commands</Filter>
    </ClCompile>
    <ClCompile Include="..\..\src\game\LevelVIP.cpp">
      <Filter>Chat System\Commands</Filter>
    </ClCompile>
    <ClCompile Include="..\..\src\game\Level1.cpp">
      <Filter>Chat System\Commands</Filter>
    </ClCompile>
    <ClCompile Include="..\..\src\game\Level2.cpp">
      <Filter>Chat System\Commands</Filter>
    </ClCompile>
    <ClCompile Include="..\..\src\game\Level3.cpp">
      <Filter>Chat System\Commands</Filter>
    </ClCompile>
    <ClCompile Include="..\..\src\game\LevelCustom.cpp">
      <Filter>Chat System\Commands</Filter>
    </ClCompile>
    <ClCompile Include="..\..\src\game\debugcmds.cpp">
      <Filter>Chat System\Commands</Filter>
    </ClCompile>
    <ClCompile Include="..\..\src\game\WaypointManager.cpp">
      <Filter>World</Filter>
    </ClCompile>
    <ClCompile Include="..\..\src\game\CombatHandler.cpp">
      <Filter>Handlers</Filter>
    </ClCompile>
    <ClCompile Include="..\..\src\game\pchdef.cpp">
      <Filter>Tool</Filter>
    </ClCompile>
    <ClCompile Include="..\..\src\game\BattleGroundAA.cpp">
      <Filter>Battleground System\Arenas</Filter>
    </ClCompile>
    <ClCompile Include="..\..\src\game\BattleGroundBE.cpp">
      <Filter>Battleground System\Arenas</Filter>
    </ClCompile>
    <ClCompile Include="..\..\src\game\BattleGroundNA.cpp">
      <Filter>Battleground System\Arenas</Filter>
    </ClCompile>
    <ClCompile Include="..\..\src\game\BattleGroundRL.cpp">
      <Filter>Battleground System\Arenas</Filter>
    </ClCompile>
  </ItemGroup>
  <ItemGroup>
    <ClInclude Include="..\..\src\game\AccountMgr.h">
      <Filter>World</Filter>
    </ClInclude>
    <ClInclude Include="..\..\src\game\GameEventMgr.h">
      <Filter>World</Filter>
    </ClInclude>
    <ClInclude Include="..\..\src\game\GossipDef.h">
      <Filter>World</Filter>
    </ClInclude>
    <ClInclude Include="..\..\src\game\Group.h">
      <Filter>World</Filter>
    </ClInclude>
    <ClInclude Include="..\..\src\game\InstanceData.h">
      <Filter>World</Filter>
    </ClInclude>
    <ClInclude Include="..\..\src\game\Mail.h">
      <Filter>World</Filter>
    </ClInclude>
    <ClInclude Include="..\..\src\game\MassMailMgr.h">
      <Filter>World</Filter>
    </ClInclude>
    <ClInclude Include="..\..\src\game\ObjectGridLoader.h">
      <Filter>World</Filter>
    </ClInclude>
    <ClInclude Include="..\..\src\game\Path.h">
      <Filter>World</Filter>
    </ClInclude>
    <ClInclude Include="..\..\src\game\PoolManager.h">
      <Filter>World</Filter>
    </ClInclude>
    <ClInclude Include="..\..\src\game\QuestDef.h">
      <Filter>World</Filter>
    </ClInclude>
    <ClInclude Include="..\..\src\game\ScriptMgr.h">
      <Filter>World</Filter>
    </ClInclude>
    <ClInclude Include="..\..\src\game\SkillDiscovery.h">
      <Filter>World</Filter>
    </ClInclude>
    <ClInclude Include="..\..\src\game\SkillExtraItems.h">
      <Filter>World</Filter>
    </ClInclude>
    <ClInclude Include="..\..\src\game\Transports.h">
      <Filter>World</Filter>
    </ClInclude>
    <ClInclude Include="..\..\src\game\UpdateData.h">
      <Filter>World</Filter>
    </ClInclude>
    <ClInclude Include="..\..\src\game\Weather.h">
      <Filter>World</Filter>
    </ClInclude>
    <ClInclude Include="..\..\src\game\World.h">
      <Filter>World</Filter>
    </ClInclude>
    <ClInclude Include="..\..\src\game\ConfusedMovementGenerator.h">
      <Filter>Motion generators</Filter>
    </ClInclude>
    <ClInclude Include="..\..\src\game\DestinationHolder.h">
      <Filter>Motion generators</Filter>
    </ClInclude>
    <ClInclude Include="..\..\src\game\DestinationHolderImp.h">
      <Filter>Motion generators</Filter>
    </ClInclude>
    <ClInclude Include="..\..\src\game\FleeingMovementGenerator.h">
      <Filter>Motion generators</Filter>
    </ClInclude>
    <ClInclude Include="..\..\src\game\HomeMovementGenerator.h">
      <Filter>Motion generators</Filter>
    </ClInclude>
    <ClInclude Include="..\..\src\game\IdleMovementGenerator.h">
      <Filter>Motion generators</Filter>
    </ClInclude>
    <ClInclude Include="..\..\src\game\MotionMaster.h">
      <Filter>Motion generators</Filter>
    </ClInclude>
    <ClInclude Include="..\..\src\game\MovementGenerator.h">
      <Filter>Motion generators</Filter>
    </ClInclude>
    <ClInclude Include="..\..\src\game\PointMovementGenerator.h">
      <Filter>Motion generators</Filter>
    </ClInclude>
    <ClInclude Include="..\..\src\game\RandomMovementGenerator.h">
      <Filter>Motion generators</Filter>
    </ClInclude>
    <ClInclude Include="..\..\src\game\TargetedMovementGenerator.h">
      <Filter>Motion generators</Filter>
    </ClInclude>
    <ClInclude Include="..\..\src\game\Traveller.h">
      <Filter>Motion generators</Filter>
    </ClInclude>
    <ClInclude Include="..\..\src\game\WaypointMovementGenerator.h">
      <Filter>Motion generators</Filter>
    </ClInclude>
    <ClInclude Include="..\..\src\game\ArenaTeam.h">
      <Filter>Objects</Filter>
    </ClInclude>
    <ClInclude Include="..\..\src\game\AuctionHouseMgr.h">
      <Filter>Objects</Filter>
    </ClInclude>
    <ClInclude Include="..\..\src\game\Formulas.h">
      <Filter>Objects</Filter>
    </ClInclude>
    <ClInclude Include="..\..\src\game\GMTicketMgr.h">
      <Filter>Objects</Filter>
    </ClInclude>
    <ClInclude Include="..\..\src\game\Guild.h">
      <Filter>Objects</Filter>
    </ClInclude>
    <ClInclude Include="..\..\src\game\ItemEnchantmentMgr.h">
      <Filter>Objects</Filter>
    </ClInclude>
    <ClInclude Include="..\..\src\game\ItemPrototype.h">
      <Filter>Objects</Filter>
    </ClInclude>
    <ClInclude Include="..\..\src\game\LootMgr.h">
      <Filter>Objects</Filter>
    </ClInclude>
    <ClInclude Include="..\..\src\game\ObjectAccessor.h">
      <Filter>Objects</Filter>
    </ClInclude>
    <ClInclude Include="..\..\src\game\ObjectGuid.h">
      <Filter>Objects</Filter>
    </ClInclude>
    <ClInclude Include="..\..\src\game\ObjectMgr.h">
      <Filter>Objects</Filter>
    </ClInclude>
    <ClInclude Include="..\..\src\game\ObjectPosSelector.h">
      <Filter>Objects</Filter>
    </ClInclude>
    <ClInclude Include="..\..\src\game\ReputationMgr.h">
      <Filter>Objects</Filter>
    </ClInclude>
    <ClInclude Include="..\..\src\game\SocialMgr.h">
      <Filter>Objects</Filter>
    </ClInclude>
    <ClInclude Include="..\..\src\game\UnitEvents.h">
      <Filter>Objects</Filter>
    </ClInclude>
    <ClInclude Include="..\..\src\game\UpdateFields.h">
      <Filter>Objects</Filter>
    </ClInclude>
    <ClInclude Include="..\..\src\game\UpdateMask.h">
      <Filter>Objects</Filter>
    </ClInclude>
    <ClInclude Include="..\..\src\game\DBCEnums.h">
      <Filter>Server</Filter>
    </ClInclude>
    <ClInclude Include="..\..\src\game\DBCfmt.h">
      <Filter>Server</Filter>
    </ClInclude>
    <ClInclude Include="..\..\src\game\DBCStores.h">
      <Filter>Server</Filter>
    </ClInclude>
    <ClInclude Include="..\..\src\game\DBCStructure.h">
      <Filter>Server</Filter>
    </ClInclude>
    <ClInclude Include="..\..\src\game\Opcodes.h">
      <Filter>Server</Filter>
    </ClInclude>
    <ClInclude Include="..\..\src\game\SharedDefines.h">
      <Filter>Server</Filter>
    </ClInclude>
    <ClInclude Include="..\..\src\game\SQLStorages.h">
      <Filter>Server</Filter>
    </ClInclude>
    <ClInclude Include="..\..\src\game\WorldSession.h">
      <Filter>Server</Filter>
    </ClInclude>
    <ClInclude Include="..\..\src\game\WorldSocket.h">
      <Filter>Server</Filter>
    </ClInclude>
    <ClInclude Include="..\..\src\game\WorldSocketMgr.h">
      <Filter>Server</Filter>
    </ClInclude>
    <ClInclude Include="..\..\src\game\Language.h">
      <Filter>Tool</Filter>
    </ClInclude>
    <ClInclude Include="..\..\src\game\PlayerDump.h">
      <Filter>Tool</Filter>
    </ClInclude>
    <ClInclude Include="..\..\src\game\FollowerReference.h">
      <Filter>References</Filter>
    </ClInclude>
    <ClInclude Include="..\..\src\game\FollowerRefManager.h">
      <Filter>References</Filter>
    </ClInclude>
    <ClInclude Include="..\..\src\game\GroupReference.h">
      <Filter>References</Filter>
    </ClInclude>
    <ClInclude Include="..\..\src\game\GroupRefManager.h">
      <Filter>References</Filter>
    </ClInclude>
    <ClInclude Include="..\..\src\game\HostileRefManager.h">
      <Filter>References</Filter>
    </ClInclude>
    <ClInclude Include="..\..\src\game\MapReference.h">
      <Filter>References</Filter>
    </ClInclude>
    <ClInclude Include="..\..\src\game\MapRefManager.h">
      <Filter>References</Filter>
    </ClInclude>
    <ClInclude Include="..\..\src\game\ThreatManager.h">
      <Filter>References</Filter>
    </ClInclude>
    <ClInclude Include="..\..\src\game\CharacterDatabaseCleaner.h">
      <Filter>Tool</Filter>
    </ClInclude>
    <ClInclude Include="..\..\src\game\vmap\BIH.h">
      <Filter>Map System\vmaps</Filter>
    </ClInclude>
    <ClInclude Include="..\..\src\game\vmap\IVMapManager.h">
      <Filter>Map System\vmaps</Filter>
    </ClInclude>
    <ClInclude Include="..\..\src\game\vmap\MapTree.h">
      <Filter>Map System\vmaps</Filter>
    </ClInclude>
    <ClInclude Include="..\..\src\game\vmap\ModelInstance.h">
      <Filter>Map System\vmaps</Filter>
    </ClInclude>
    <ClInclude Include="..\..\src\game\vmap\TileAssembler.h">
      <Filter>Map System\vmaps</Filter>
    </ClInclude>
    <ClInclude Include="..\..\src\game\vmap\VMapDefinitions.h">
      <Filter>Map System\vmaps</Filter>
    </ClInclude>
    <ClInclude Include="..\..\src\game\vmap\VMapFactory.h">
      <Filter>Map System\vmaps</Filter>
    </ClInclude>
    <ClInclude Include="..\..\src\game\vmap\VMapManager2.h">
      <Filter>Map System\vmaps</Filter>
    </ClInclude>
    <ClInclude Include="..\..\src\game\vmap\VMapTools.h">
      <Filter>Map System\vmaps</Filter>
    </ClInclude>
    <ClInclude Include="..\..\src\game\vmap\WorldModel.h">
      <Filter>Map System\vmaps</Filter>
    </ClInclude>
    <ClInclude Include="..\..\src\game\Chat.h">
      <Filter>Chat System</Filter>
    </ClInclude>
    <ClInclude Include="..\..\src\game\AddonHandler.h">
      <Filter>Handlers</Filter>
    </ClInclude>
    <ClInclude Include="..\..\src\game\BattleGroundWS.h">
      <Filter>Battleground System</Filter>
    </ClInclude>
    <ClInclude Include="..\..\src\game\BattleGround.h">
      <Filter>Battleground System</Filter>
    </ClInclude>
    <ClInclude Include="..\..\src\game\BattleGroundAB.h">
      <Filter>Battleground System</Filter>
    </ClInclude>
    <ClInclude Include="..\..\src\game\BattleGroundAV.h">
      <Filter>Battleground System</Filter>
    </ClInclude>
    <ClInclude Include="..\..\src\game\BattleGroundEY.h">
      <Filter>Battleground System</Filter>
    </ClInclude>
    <ClInclude Include="..\..\src\game\BattleGroundMgr.h">
      <Filter>Battleground System</Filter>
    </ClInclude>
    <ClInclude Include="..\..\src\game\ChannelMgr.h">
      <Filter>Chat System</Filter>
    </ClInclude>
    <ClInclude Include="..\..\src\game\Channel.h">
      <Filter>Chat System</Filter>
    </ClInclude>
    <ClInclude Include="..\..\src\game\Cell.h">
      <Filter>Map System</Filter>
    </ClInclude>
    <ClInclude Include="..\..\src\game\CellImpl.h">
      <Filter>Map System</Filter>
    </ClInclude>
    <ClInclude Include="..\..\src\game\GridDefines.h">
      <Filter>Map System</Filter>
    </ClInclude>
    <ClInclude Include="..\..\src\game\GridMap.h">
      <Filter>Map System</Filter>
    </ClInclude>
    <ClInclude Include="..\..\src\game\GridNotifiers.h">
      <Filter>Map System</Filter>
    </ClInclude>
    <ClInclude Include="..\..\src\game\GridNotifiersImpl.h">
      <Filter>Map System</Filter>
    </ClInclude>
    <ClInclude Include="..\..\src\game\GridStates.h">
      <Filter>Map System</Filter>
    </ClInclude>
    <ClInclude Include="..\..\src\game\Map.h">
      <Filter>Map System</Filter>
    </ClInclude>
    <ClInclude Include="..\..\src\game\MapManager.h">
      <Filter>Map System</Filter>
    </ClInclude>
    <ClInclude Include="..\..\src\game\MapPersistentStateMgr.h">
      <Filter>Map System</Filter>
    </ClInclude>
    <ClInclude Include="..\..\src\game\NPCHandler.h">
      <Filter>Handlers</Filter>
    </ClInclude>
    <ClInclude Include="..\..\src\game\SpellAuras.h">
      <Filter>Spells</Filter>
    </ClInclude>
    <ClInclude Include="..\..\src\game\Spell.h">
      <Filter>Spells</Filter>
    </ClInclude>
    <ClInclude Include="..\..\src\game\SpellAuraDefines.h">
      <Filter>Spells</Filter>
    </ClInclude>
    <ClInclude Include="..\..\src\game\Unit.h">
      <Filter>Objects\Object\Unit</Filter>
    </ClInclude>
    <ClInclude Include="..\..\src\game\Creature.h">
      <Filter>Objects\Object\Unit\Creature</Filter>
    </ClInclude>
    <ClInclude Include="..\..\src\game\CreatureAI.h">
      <Filter>Objects\AI</Filter>
    </ClInclude>
    <ClInclude Include="..\..\src\game\CreatureAIImpl.h">
      <Filter>Objects\AI</Filter>
    </ClInclude>
    <ClInclude Include="..\..\src\game\CreatureAISelector.h">
      <Filter>Objects\AI</Filter>
    </ClInclude>
    <ClInclude Include="..\..\src\game\CreatureAIRegistry.h">
      <Filter>Objects\AI</Filter>
    </ClInclude>
    <ClInclude Include="..\..\src\game\CreatureEventAI.h">
      <Filter>Objects\AI</Filter>
    </ClInclude>
    <ClInclude Include="..\..\src\game\CreatureEventAIMgr.h">
      <Filter>Objects\AI</Filter>
    </ClInclude>
    <ClInclude Include="..\..\src\game\GuardAI.h">
      <Filter>Objects\AI</Filter>
    </ClInclude>
    <ClInclude Include="..\..\src\game\TotemAI.h">
      <Filter>Objects\AI</Filter>
    </ClInclude>
    <ClInclude Include="..\..\src\game\ReactorAI.h">
      <Filter>Objects\AI</Filter>
    </ClInclude>
    <ClInclude Include="..\..\src\game\PetAI.h">
      <Filter>Objects\AI</Filter>
    </ClInclude>
    <ClInclude Include="..\..\src\game\Pet.h">
      <Filter>Objects\Object\Unit\Creature\Pet</Filter>
    </ClInclude>
    <ClInclude Include="..\..\src\game\Totem.h">
      <Filter>Objects\Object\Unit\Creature\Totem</Filter>
    </ClInclude>
    <ClInclude Include="..\..\src\game\Player.h">
      <Filter>Objects\Object\Unit\Player</Filter>
    </ClInclude>
    <ClInclude Include="..\..\src\game\Object.h">
      <Filter>Objects\Object</Filter>
    </ClInclude>
    <ClInclude Include="..\..\src\game\NullCreatureAI.h">
      <Filter>Objects\AI</Filter>
    </ClInclude>
    <ClInclude Include="..\..\src\game\Camera.h">
      <Filter>Objects</Filter>
    </ClInclude>
    <ClInclude Include="..\..\src\game\Corpse.h">
      <Filter>Objects\Object\Corpse</Filter>
    </ClInclude>
    <ClInclude Include="..\..\src\game\Item.h">
      <Filter>Objects\Items</Filter>
    </ClInclude>
    <ClInclude Include="..\..\src\game\Bag.h">
      <Filter>Objects\Items\Bag</Filter>
    </ClInclude>
    <ClInclude Include="..\..\src\game\SpellMgr.h">
      <Filter>Spells</Filter>
    </ClInclude>
    <ClInclude Include="..\..\src\game\TemporarySummon.h">
      <Filter>Objects\Object\Unit\Creature\TempotarySummon</Filter>
    </ClInclude>
    <ClInclude Include="..\..\src\game\GameObject.h">
      <Filter>Objects\Object\GameObject</Filter>
    </ClInclude>
    <ClInclude Include="..\..\src\game\DynamicObject.h">
      <Filter>Objects\Object\DynamicObject</Filter>
    </ClInclude>
    <ClInclude Include="..\..\src\game\AggressorAI.h">
      <Filter>Objects\AI</Filter>
    </ClInclude>
    <ClInclude Include="..\..\src\game\WaypointManager.h">
      <Filter>World</Filter>
    </ClInclude>
    <ClInclude Include="..\..\src\game\pchdef.h">
      <Filter>Tool</Filter>
    </ClInclude>
    <ClInclude Include="..\..\src\game\BattleGroundAA.h">
      <Filter>Battleground System\Arenas</Filter>
    </ClInclude>
    <ClInclude Include="..\..\src\game\BattleGroundBE.h">
      <Filter>Battleground System\Arenas</Filter>
    </ClInclude>
    <ClInclude Include="..\..\src\game\BattleGroundNA.h">
      <Filter>Battleground System\Arenas</Filter>
    </ClInclude>
    <ClInclude Include="..\..\src\game\BattleGroundRL.h">
      <Filter>Battleground System\Arenas</Filter>
    </ClInclude>
  </ItemGroup>
</Project>